
Microsoft Visual Studio Solution File, Format Version 12.00
# Visual Studio Version 16
VisualStudioVersion = 16.0.30225.117
MinimumVisualStudioVersion = 10.0.40219.1
Project("{FAE04EC0-301F-11D3-BF4B-00C04F79EFBC}") = "API_Seguranca", "API_Seguranca\API_Seguranca.csproj", "{105BB323-8351-4847-9FA2-47277FD114F3}"
EndProject
Global
	GlobalSection(SolutionConfigurationPlatforms) = preSolution
		Debug|Any CPU = Debug|Any CPU
		Release|Any CPU = Release|Any CPU
	EndGlobalSection
	GlobalSection(ProjectConfigurationPlatforms) = postSolution
		{105BB323-8351-4847-9FA2-47277FD114F3}.Debug|Any CPU.ActiveCfg = Debug|Any CPU
		{105BB323-8351-4847-9FA2-47277FD114F3}.Debug|Any CPU.Build.0 = Debug|Any CPU
		{105BB323-8351-4847-9FA2-47277FD114F3}.Release|Any CPU.ActiveCfg = Release|Any CPU
		{105BB323-8351-4847-9FA2-47277FD114F3}.Release|Any CPU.Build.0 = Release|Any CPU
	EndGlobalSection
	GlobalSection(SolutionProperties) = preSolution
		HideSolutionNode = FALSE
	EndGlobalSection
	GlobalSection(ExtensibilityGlobals) = postSolution
		SolutionGuid = {379CC9B6-DB8A-459D-A56C-7509263B4C5F}
	EndGlobalSection
EndGlobal
